
Microsoft Visual Studio Solution File, Format Version 10.00
# Visual Studio 2008
Project("{8BC9CEB8-8B4A-11D0-8D11-00A0C91BC942}") = "LogLib", "LogLib\LogLib.vcproj", "{AD2F5C0F-48EE-4986-B5FB-CAF9E2474DE0}"
EndProject
Project("{8BC9CEB8-8B4A-11D0-8D11-00A0C91BC942}") = "LogView", "LogView\LogView.vcproj", "{66638522-75D4-4DEB-9AC2-6BE53DD67943}"
	ProjectSection(ProjectDependencies) = postProject
		{AD2F5C0F-48EE-4986-B5FB-CAF9E2474DE0} = {AD2F5C0F-48EE-4986-B5FB-CAF9E2474DE0}
	EndProjectSection
EndProject
Project("{8BC9CEB8-8B4A-11D0-8D11-00A0C91BC942}") = "LogSniff", "LogSniff\LogSniff.vcproj", "{2D782C6A-77D2-4A8E-BE56-95487AE4DC8F}"
EndProject
Global
	GlobalSection(SolutionConfigurationPlatforms) = preSolution
		Debug|Win32 = Debug|Win32
		Release|Win32 = Release|Win32
	EndGlobalSection
	GlobalSection(ProjectConfigurationPlatforms) = postSolution
		{AD2F5C0F-48EE-4986-B5FB-CAF9E2474DE0}.Debug|Win32.ActiveCfg = Debug|Win32
		{AD2F5C0F-48EE-4986-B5FB-CAF9E2474DE0}.Debug|Win32.Build.0 = Debug|Win32
		{AD2F5C0F-48EE-4986-B5FB-CAF9E2474DE0}.Release|Win32.ActiveCfg = Release|Win32
		{AD2F5C0F-48EE-4986-B5FB-CAF9E2474DE0}.Release|Win32.Build.0 = Release|Win32
		{66638522-75D4-4DEB-9AC2-6BE53DD67943}.Debug|Win32.ActiveCfg = Debug|Win32
		{66638522-75D4-4DEB-9AC2-6BE53DD67943}.Debug|Win32.Build.0 = Debug|Win32
		{66638522-75D4-4DEB-9AC2-6BE53DD67943}.Release|Win32.ActiveCfg = Release|Win32
		{66638522-75D4-4DEB-9AC2-6BE53DD67943}.Release|Win32.Build.0 = Release|Win32
		{2D782C6A-77D2-4A8E-BE56-95487AE4DC8F}.Debug|Win32.ActiveCfg = Debug|Win32
		{2D782C6A-77D2-4A8E-BE56-95487AE4DC8F}.Release|Win32.ActiveCfg = Release|Win32
	EndGlobalSection
	GlobalSection(SolutionProperties) = preSolution
		HideSolutionNode = FALSE
	EndGlobalSection
EndGlobal
